
Microsoft Visual Studio Solution File, Format Version 12.00
# Visual Studio 15
VisualStudioVersion = 15.0.28307.329
MinimumVisualStudioVersion = 10.0.40219.1
Project("{FAE04EC0-301F-11D3-BF4B-00C04F79EFBC}") = "CRUD_Sencillo", "CRUD_Sencillo\CRUD_Sencillo.csproj", "{D0AB8092-55A2-4AE1-8183-5B4202B10368}"
EndProject
Global
	GlobalSection(SolutionConfigurationPlatforms) = preSolution
		Debug|Any CPU = Debug|Any CPU
		Release|Any CPU = Release|Any CPU
	EndGlobalSection
	GlobalSection(ProjectConfigurationPlatforms) = postSolution
		{D0AB8092-55A2-4AE1-8183-5B4202B10368}.Debug|Any CPU.ActiveCfg = Debug|Any CPU
		{D0AB8092-55A2-4AE1-8183-5B4202B10368}.Debug|Any CPU.Build.0 = Debug|Any CPU
		{D0AB8092-55A2-4AE1-8183-5B4202B10368}.Release|Any CPU.ActiveCfg = Release|Any CPU
		{D0AB8092-55A2-4AE1-8183-5B4202B10368}.Release|Any CPU.Build.0 = Release|Any CPU
	EndGlobalSection
	GlobalSection(SolutionProperties) = preSolution
		HideSolutionNode = FALSE
	EndGlobalSection
	GlobalSection(ExtensibilityGlobals) = postSolution
		SolutionGuid = {7011A420-4885-41E9-BE89-DC8CAEB30FA3}
	EndGlobalSection
EndGlobal
